github.com/a-h/templ v0.3.1001 h1:yHDTgexACdJttyiyamcTHXr2QkIeVF1MukLy44EAhMY=
github.com/a-h/templ v0.3.1001/go.mod h1:oCZcnKRf5jjsGpf2yELzQfodLphd2mwecwG4Crk5HBo=
github.com/fastygo/framework v0.0.0-20260428133456-8a8901eca249 h1:Es2XZ/CPdb8ilHjFJiyZTFwf3NZtqV7M6HkkUrVXKc8=
github.com/fastygo/framework v0.0.0-20260428133456-8a8901eca249/go.mod h1:PQrh7If8XpCVPMp1tP8u3bUGvAlEsW3WlNpRkQzVTt0=
github.com/fastygo/ui8kit v0.3.1-0.20260430201323-94d840218b66 h1:CgZ2XcUzq5fs9ssdEdhOtvup+kj3Af0HhXQL45AFFII=
github.com/fastygo/ui8kit v0.3.1-0.20260430201323-94d840218b66/go.mod h1:x/dtiyMHkubzZOoFd4FovZuAnhMzNljTBygUiVXwnvM=
github.com/google/go-cmp v0.6.0 h1:ofyhxvXcZhMsU5ulbFiLKl/XBFqE1GSq7atu8tAmTRI=
github.com/google/go-cmp v0.6.0/go.mod h1:17dUlkBOakJ0+DkrSSNjCkIjxS6bF9zb3elmeNGIjoY=
go.uber.org/goleak v1.3.0 h1:2K3zAYmnTNqV73imy9J1T3WC+gmCePx2hEGkimedGto=
go.uber.org/goleak v1.3.0/go.mod h1:CoHD4mav9JJNrW/WLlf7HGZPjdw8EucARQHekz1X6bE=
